
Microsoft Visual Studio Solution File, Format Version 12.00
# Visual Studio Version 17
VisualStudioVersion = 17.13.35825.156
MinimumVisualStudioVersion = 10.0.40219.1
Project("{FAE04EC0-301F-11D3-BF4B-00C04F79EFBC}") = "GICBankingApp", "GICBankingApp.csproj", "{B9F9C4FB-ED13-4310-8193-438154CA58E0}"
EndProject
Project("{FAE04EC0-301F-11D3-BF4B-00C04F79EFBC}") = "GICBankingAppTest", "..\GICBankingAppTest\GICBankingAppTest.csproj", "{87BD4F8E-1BD8-41BB-8EBD-9D1E707606A3}"
EndProject
Project("{2150E333-8FDC-42A3-9474-1A3956D46DE8}") = "Solution Items", "Solution Items", "{8EC462FD-D22E-90A8-E5CE-7E832BA40C5D}"
	ProjectSection(SolutionItems) = preProject
		ReadMe.md = ReadMe.md
	EndProjectSection
EndProject
Global
	GlobalSection(SolutionConfigurationPlatforms) = preSolution
		Debug|Any CPU = Debug|Any CPU
		Release|Any CPU = Release|Any CPU
	EndGlobalSection
	GlobalSection(ProjectConfigurationPlatforms) = postSolution
		{B9F9C4FB-ED13-4310-8193-438154CA58E0}.Debug|Any CPU.ActiveCfg = Debug|Any CPU
		{B9F9C4FB-ED13-4310-8193-438154CA58E0}.Debug|Any CPU.Build.0 = Debug|Any CPU
		{B9F9C4FB-ED13-4310-8193-438154CA58E0}.Release|Any CPU.ActiveCfg = Release|Any CPU
		{B9F9C4FB-ED13-4310-8193-438154CA58E0}.Release|Any CPU.Build.0 = Release|Any CPU
		{87BD4F8E-1BD8-41BB-8EBD-9D1E707606A3}.Debug|Any CPU.ActiveCfg = Debug|Any CPU
		{87BD4F8E-1BD8-41BB-8EBD-9D1E707606A3}.Debug|Any CPU.Build.0 = Debug|Any CPU
		{87BD4F8E-1BD8-41BB-8EBD-9D1E707606A3}.Release|Any CPU.ActiveCfg = Release|Any CPU
		{87BD4F8E-1BD8-41BB-8EBD-9D1E707606A3}.Release|Any CPU.Build.0 = Release|Any CPU
	EndGlobalSection
	GlobalSection(SolutionProperties) = preSolution
		HideSolutionNode = FALSE
	EndGlobalSection
	GlobalSection(ExtensibilityGlobals) = postSolution
		SolutionGuid = {66130864-F44F-4BE9-9F7F-A5C91C2122D8}
	EndGlobalSection
EndGlobal
